{
    "name": "jacek",
    "version": "0.1.0",
    "lockfileVersion": 2,
    "requires": true,
    "packages": {
        "": {
            "name": "jacek",
            "version": "0.1.0",
            "license": "MIT",
            "bin": {
                "jacek": "bin/jacek"
            },
            "devDependencies": {
                "@types/node": "^16.18.40"
            }
        },
        "node_modules/@types/node": {
            "version": "16.18.40",
            "resolved": "https://registry.npmjs.org/@types/node/-/node-16.18.40.tgz",
            "integrity": "sha512-+yno3ItTEwGxXiS/75Q/aHaa5srkpnJaH+kdkTVJ3DtJEwv92itpKbxU+FjPoh2m/5G9zmUQfrL4A4C13c+iGA==",
            "dev": true
        }
    },
    "dependencies": {
        "@types/node": {
            "version": "16.18.40",
            "resolved": "https://registry.npmjs.org/@types/node/-/node-16.18.40.tgz",
            "integrity": "sha512-+yno3ItTEwGxXiS/75Q/aHaa5srkpnJaH+kdkTVJ3DtJEwv92itpKbxU+FjPoh2m/5G9zmUQfrL4A4C13c+iGA==",
            "dev": true
        }
    }
}
