{
    "name": "jacek",
    "version": "0.1.0",
    "lockfileVersion": 2,
    "requires": true,
    "packages": {
        "": {
            "name": "jacek",
            "version": "0.1.0",
            "license": "MIT",
            "bin": {
                "jacek": "bin/jacek"
            },
            "devDependencies": {
                "@types/node": "^16.11.1"
            }
        },
        "node_modules/@types/node": {
            "version": "16.11.15",
            "resolved": "https://registry.npmjs.org/@types/node/-/node-16.11.15.tgz",
            "integrity": "sha512-LMGR7iUjwZRxoYnfc9+YELxwqkaLmkJlo4/HUvOMyGvw9DaHO0gtAbH2FUdoFE6PXBTYZIT7x610r7kdo8o1fQ==",
            "dev": true
        }
    },
    "dependencies": {
        "@types/node": {
            "version": "16.11.15",
            "resolved": "https://registry.npmjs.org/@types/node/-/node-16.11.15.tgz",
            "integrity": "sha512-LMGR7iUjwZRxoYnfc9+YELxwqkaLmkJlo4/HUvOMyGvw9DaHO0gtAbH2FUdoFE6PXBTYZIT7x610r7kdo8o1fQ==",
            "dev": true
        }
    }
}
